
Microsoft Visual Studio Solution File, Format Version 12.00
# Visual Studio Version 17
VisualStudioVersion = 17.4.33205.214
MinimumVisualStudioVersion = 10.0.40219.1
Project("{9A19103F-16F7-4668-BE54-9A1E7A4F7556}") = "TemperatureConverter", "TemperatureConverter\TemperatureConverter.csproj", "{24881AC4-A25D-4EAF-BB24-1ACFF72695D2}"
EndProject
Project("{9A19103F-16F7-4668-BE54-9A1E7A4F7556}") = "ConverterToCelcium", "ConverterToCelcium\ConverterToCelcium.csproj", "{A766B112-E352-497D-A839-B15C114CDB41}"
EndProject
Project("{FAE04EC0-301F-11D3-BF4B-00C04F79EFBC}") = "Reflector", "Reflector\Reflector.csproj", "{1F63A40E-FA88-4BA4-9694-8EB4EC190A77}"
EndProject
Global
	GlobalSection(SolutionConfigurationPlatforms) = preSolution
		Debug|Any CPU = Debug|Any CPU
		Release|Any CPU = Release|Any CPU
	EndGlobalSection
	GlobalSection(ProjectConfigurationPlatforms) = postSolution
		{24881AC4-A25D-4EAF-BB24-1ACFF72695D2}.Debug|Any CPU.ActiveCfg = Debug|Any CPU
		{24881AC4-A25D-4EAF-BB24-1ACFF72695D2}.Debug|Any CPU.Build.0 = Debug|Any CPU
		{24881AC4-A25D-4EAF-BB24-1ACFF72695D2}.Release|Any CPU.ActiveCfg = Release|Any CPU
		{24881AC4-A25D-4EAF-BB24-1ACFF72695D2}.Release|Any CPU.Build.0 = Release|Any CPU
		{A766B112-E352-497D-A839-B15C114CDB41}.Debug|Any CPU.ActiveCfg = Debug|Any CPU
		{A766B112-E352-497D-A839-B15C114CDB41}.Debug|Any CPU.Build.0 = Debug|Any CPU
		{A766B112-E352-497D-A839-B15C114CDB41}.Release|Any CPU.ActiveCfg = Release|Any CPU
		{A766B112-E352-497D-A839-B15C114CDB41}.Release|Any CPU.Build.0 = Release|Any CPU
		{1F63A40E-FA88-4BA4-9694-8EB4EC190A77}.Debug|Any CPU.ActiveCfg = Debug|Any CPU
		{1F63A40E-FA88-4BA4-9694-8EB4EC190A77}.Debug|Any CPU.Build.0 = Debug|Any CPU
		{1F63A40E-FA88-4BA4-9694-8EB4EC190A77}.Release|Any CPU.ActiveCfg = Release|Any CPU
		{1F63A40E-FA88-4BA4-9694-8EB4EC190A77}.Release|Any CPU.Build.0 = Release|Any CPU
	EndGlobalSection
	GlobalSection(SolutionProperties) = preSolution
		HideSolutionNode = FALSE
	EndGlobalSection
	GlobalSection(ExtensibilityGlobals) = postSolution
		SolutionGuid = {7A5AB289-5C9C-450F-B378-7E40BE9AA866}
	EndGlobalSection
EndGlobal
